
Microsoft Visual Studio Solution File, Format Version 12.00
# Visual Studio 15
VisualStudioVersion = 15.0.27004.2005
MinimumVisualStudioVersion = 10.0.40219.1
Project("{2150E333-8FDC-42A3-9474-1A3956D46DE8}") = ".paket", ".paket", "{91F5B78E-3B41-43D8-BACE-6EBFBA457C4E}"
	ProjectSection(SolutionItems) = preProject
		paket.dependencies = paket.dependencies
	EndProjectSection
EndProject
Project("{F2A71F9B-5D33-465A-A702-920D77279786}") = "GitVersionTypeProvider", "GitVersionTypeProvider\GitVersionTypeProvider.fsproj", "{EA9B2D7F-C0E8-4E81-9D94-51A1D15D1FB8}"
EndProject
Global
	GlobalSection(SolutionConfigurationPlatforms) = preSolution
		Debug|Any CPU = Debug|Any CPU
		Release|Any CPU = Release|Any CPU
	EndGlobalSection
	GlobalSection(ProjectConfigurationPlatforms) = postSolution
		{EA9B2D7F-C0E8-4E81-9D94-51A1D15D1FB8}.Debug|Any CPU.ActiveCfg = Debug|Any CPU
		{EA9B2D7F-C0E8-4E81-9D94-51A1D15D1FB8}.Debug|Any CPU.Build.0 = Debug|Any CPU
		{EA9B2D7F-C0E8-4E81-9D94-51A1D15D1FB8}.Release|Any CPU.ActiveCfg = Release|Any CPU
		{EA9B2D7F-C0E8-4E81-9D94-51A1D15D1FB8}.Release|Any CPU.Build.0 = Release|Any CPU
	EndGlobalSection
	GlobalSection(SolutionProperties) = preSolution
		HideSolutionNode = FALSE
	EndGlobalSection
	GlobalSection(ExtensibilityGlobals) = postSolution
		SolutionGuid = {FD7EBDBC-3803-4B9F-8BD4-AE5916F1EF19}
	EndGlobalSection
EndGlobal
